
Microsoft Visual Studio Solution File, Format Version 12.00
# Visual Studio Version 16
VisualStudioVersion = 16.0.32002.261
MinimumVisualStudioVersion = 10.0.40219.1
Project("{2150E333-8FDC-42A3-9474-1A3956D46DE8}") = "Services", "Services", "{3928D199-8C4A-4E80-BA7C-A424989F497E}"
EndProject
Project("{2150E333-8FDC-42A3-9474-1A3956D46DE8}") = "WebApps", "WebApps", "{C5419AA9-E488-41D2-9FD8-8EA5A871288F}"
EndProject
Project("{2150E333-8FDC-42A3-9474-1A3956D46DE8}") = "Cadastro", "Cadastro", "{E14FDD50-6F4D-4023-A34F-349CF73F4364}"
EndProject
Project("{2150E333-8FDC-42A3-9474-1A3956D46DE8}") = "Catalogo", "Catalogo", "{757F4FCE-F8F4-4948-BDC5-7142D4EB0798}"
EndProject
Project("{2150E333-8FDC-42A3-9474-1A3956D46DE8}") = "Core", "Core", "{1244BD12-F8D9-4BCE-A61D-E214861E2FB3}"
EndProject
Project("{2150E333-8FDC-42A3-9474-1A3956D46DE8}") = "Fiscal", "Fiscal", "{6E3B5D4C-D500-4F45-8743-E79A46E08935}"
EndProject
Project("{2150E333-8FDC-42A3-9474-1A3956D46DE8}") = "Pagamentos", "Pagamentos", "{CEE2013F-F733-45A0-887C-44BACA06CBED}"
EndProject
Project("{2150E333-8FDC-42A3-9474-1A3956D46DE8}") = "Vendas", "Vendas", "{68752E42-0EE9-4A12-854C-D57B1ED75953}"
EndProject
Project("{9A19103F-16F7-4668-BE54-9A1E7A4F7556}") = "DominioRico.Catalogo.Domain", "src\DominioRico.Catalogo.Domain\DominioRico.Catalogo.Domain.csproj", "{06CFC9D0-4347-4DD3-A5BA-B170854196AA}"
EndProject
Project("{9A19103F-16F7-4668-BE54-9A1E7A4F7556}") = "DominioRico.Core", "src\DominioRico.Core\DominioRico.Core.csproj", "{A18B239F-6086-4A23-9610-3989741EDCC6}"
EndProject
Project("{2150E333-8FDC-42A3-9474-1A3956D46DE8}") = "Tests", "Tests", "{1C3E6028-8410-446B-B83B-F6B2CFAFE8B6}"
EndProject
Project("{9A19103F-16F7-4668-BE54-9A1E7A4F7556}") = "DominioRico.Catalogo.Tests", "tests\DominioRico.Catalogo.Tests\DominioRico.Catalogo.Tests.csproj", "{8F4AD32F-5298-46CB-9068-43751ED5D8F2}"
EndProject
Project("{9A19103F-16F7-4668-BE54-9A1E7A4F7556}") = "DominioRico.Catalago.Data", "src\DominioRico.Catalago.Data\DominioRico.Catalago.Data.csproj", "{DBD9821A-C66E-4367-93F9-C28D74FF563D}"
EndProject
Project("{FAE04EC0-301F-11D3-BF4B-00C04F79EFBC}") = "DominioRico.Catalogo.Application", "src\DominioRico.Catalogo.Application\DominioRico.Catalogo.Application.csproj", "{F321CB4E-78B7-4B36-8912-0C1CD1CC70FA}"
EndProject
Global
	GlobalSection(SolutionConfigurationPlatforms) = preSolution
		Debug|Any CPU = Debug|Any CPU
		Release|Any CPU = Release|Any CPU
	EndGlobalSection
	GlobalSection(ProjectConfigurationPlatforms) = postSolution
		{06CFC9D0-4347-4DD3-A5BA-B170854196AA}.Debug|Any CPU.ActiveCfg = Debug|Any CPU
		{06CFC9D0-4347-4DD3-A5BA-B170854196AA}.Debug|Any CPU.Build.0 = Debug|Any CPU
		{06CFC9D0-4347-4DD3-A5BA-B170854196AA}.Release|Any CPU.ActiveCfg = Release|Any CPU
		{06CFC9D0-4347-4DD3-A5BA-B170854196AA}.Release|Any CPU.Build.0 = Release|Any CPU
		{A18B239F-6086-4A23-9610-3989741EDCC6}.Debug|Any CPU.ActiveCfg = Debug|Any CPU
		{A18B239F-6086-4A23-9610-3989741EDCC6}.Debug|Any CPU.Build.0 = Debug|Any CPU
		{A18B239F-6086-4A23-9610-3989741EDCC6}.Release|Any CPU.ActiveCfg = Release|Any CPU
		{A18B239F-6086-4A23-9610-3989741EDCC6}.Release|Any CPU.Build.0 = Release|Any CPU
		{8F4AD32F-5298-46CB-9068-43751ED5D8F2}.Debug|Any CPU.ActiveCfg = Debug|Any CPU
		{8F4AD32F-5298-46CB-9068-43751ED5D8F2}.Debug|Any CPU.Build.0 = Debug|Any CPU
		{8F4AD32F-5298-46CB-9068-43751ED5D8F2}.Release|Any CPU.ActiveCfg = Release|Any CPU
		{8F4AD32F-5298-46CB-9068-43751ED5D8F2}.Release|Any CPU.Build.0 = Release|Any CPU
		{DBD9821A-C66E-4367-93F9-C28D74FF563D}.Debug|Any CPU.ActiveCfg = Debug|Any CPU
		{DBD9821A-C66E-4367-93F9-C28D74FF563D}.Debug|Any CPU.Build.0 = Debug|Any CPU
		{DBD9821A-C66E-4367-93F9-C28D74FF563D}.Release|Any CPU.ActiveCfg = Release|Any CPU
		{DBD9821A-C66E-4367-93F9-C28D74FF563D}.Release|Any CPU.Build.0 = Release|Any CPU
		{F321CB4E-78B7-4B36-8912-0C1CD1CC70FA}.Debug|Any CPU.ActiveCfg = Debug|Any CPU
		{F321CB4E-78B7-4B36-8912-0C1CD1CC70FA}.Debug|Any CPU.Build.0 = Debug|Any CPU
		{F321CB4E-78B7-4B36-8912-0C1CD1CC70FA}.Release|Any CPU.ActiveCfg = Release|Any CPU
		{F321CB4E-78B7-4B36-8912-0C1CD1CC70FA}.Release|Any CPU.Build.0 = Release|Any CPU
	EndGlobalSection
	GlobalSection(SolutionProperties) = preSolution
		HideSolutionNode = FALSE
	EndGlobalSection
	GlobalSection(NestedProjects) = preSolution
		{E14FDD50-6F4D-4023-A34F-349CF73F4364} = {3928D199-8C4A-4E80-BA7C-A424989F497E}
		{757F4FCE-F8F4-4948-BDC5-7142D4EB0798} = {3928D199-8C4A-4E80-BA7C-A424989F497E}
		{1244BD12-F8D9-4BCE-A61D-E214861E2FB3} = {3928D199-8C4A-4E80-BA7C-A424989F497E}
		{6E3B5D4C-D500-4F45-8743-E79A46E08935} = {3928D199-8C4A-4E80-BA7C-A424989F497E}
		{CEE2013F-F733-45A0-887C-44BACA06CBED} = {3928D199-8C4A-4E80-BA7C-A424989F497E}
		{68752E42-0EE9-4A12-854C-D57B1ED75953} = {3928D199-8C4A-4E80-BA7C-A424989F497E}
		{06CFC9D0-4347-4DD3-A5BA-B170854196AA} = {757F4FCE-F8F4-4948-BDC5-7142D4EB0798}
		{A18B239F-6086-4A23-9610-3989741EDCC6} = {1244BD12-F8D9-4BCE-A61D-E214861E2FB3}
		{1C3E6028-8410-446B-B83B-F6B2CFAFE8B6} = {757F4FCE-F8F4-4948-BDC5-7142D4EB0798}
		{8F4AD32F-5298-46CB-9068-43751ED5D8F2} = {1C3E6028-8410-446B-B83B-F6B2CFAFE8B6}
		{DBD9821A-C66E-4367-93F9-C28D74FF563D} = {757F4FCE-F8F4-4948-BDC5-7142D4EB0798}
		{F321CB4E-78B7-4B36-8912-0C1CD1CC70FA} = {757F4FCE-F8F4-4948-BDC5-7142D4EB0798}
	EndGlobalSection
	GlobalSection(ExtensibilityGlobals) = postSolution
		SolutionGuid = {28841C85-9209-474C-A59E-BB3B42955032}
	EndGlobalSection
EndGlobal
